
Microsoft Visual Studio Solution File, Format Version 12.00
Project("{F2A71F9B-5D33-465A-A702-920D77279786}") = "Homework5", "Homework5\Homework5.fsproj", "{58792EF7-187F-4452-92BE-9D8F82DC8C05}"
EndProject
Project("{F2A71F9B-5D33-465A-A702-920D77279786}") = "Homework5.Tests", "Homework5.Tests\Homework5.Tests.fsproj", "{B897A6D3-9172-4341-94A0-FD3D9D5963E7}"
EndProject
Global
	GlobalSection(SolutionConfigurationPlatforms) = preSolution
		Debug|Any CPU = Debug|Any CPU
		Release|Any CPU = Release|Any CPU
	EndGlobalSection
	GlobalSection(ProjectConfigurationPlatforms) = postSolution
		{58792EF7-187F-4452-92BE-9D8F82DC8C05}.Debug|Any CPU.ActiveCfg = Debug|Any CPU
		{58792EF7-187F-4452-92BE-9D8F82DC8C05}.Debug|Any CPU.Build.0 = Debug|Any CPU
		{58792EF7-187F-4452-92BE-9D8F82DC8C05}.Release|Any CPU.ActiveCfg = Release|Any CPU
		{58792EF7-187F-4452-92BE-9D8F82DC8C05}.Release|Any CPU.Build.0 = Release|Any CPU
		{B897A6D3-9172-4341-94A0-FD3D9D5963E7}.Debug|Any CPU.ActiveCfg = Debug|Any CPU
		{B897A6D3-9172-4341-94A0-FD3D9D5963E7}.Debug|Any CPU.Build.0 = Debug|Any CPU
		{B897A6D3-9172-4341-94A0-FD3D9D5963E7}.Release|Any CPU.ActiveCfg = Release|Any CPU
		{B897A6D3-9172-4341-94A0-FD3D9D5963E7}.Release|Any CPU.Build.0 = Release|Any CPU
	EndGlobalSection
EndGlobal
